
Microsoft Visual Studio Solution File, Format Version 12.00
# Visual Studio Version 17
VisualStudioVersion = 17.14.36603.0 d17.14
MinimumVisualStudioVersion = 10.0.40219.1
Project("{FAE04EC0-301F-11D3-BF4B-00C04F79EFBC}") = "PR.CargoShipping", "PR.CargoShipping\PR.CargoShipping.csproj", "{EE5BC2BE-11BC-461A-91C3-FF41DCBDC3FC}"
EndProject
Global
	GlobalSection(SolutionConfigurationPlatforms) = preSolution
		Debug|Any CPU = Debug|Any CPU
		Release|Any CPU = Release|Any CPU
	EndGlobalSection
	GlobalSection(ProjectConfigurationPlatforms) = postSolution
		{EE5BC2BE-11BC-461A-91C3-FF41DCBDC3FC}.Debug|Any CPU.ActiveCfg = Debug|Any CPU
		{EE5BC2BE-11BC-461A-91C3-FF41DCBDC3FC}.Debug|Any CPU.Build.0 = Debug|Any CPU
		{EE5BC2BE-11BC-461A-91C3-FF41DCBDC3FC}.Release|Any CPU.ActiveCfg = Release|Any CPU
		{EE5BC2BE-11BC-461A-91C3-FF41DCBDC3FC}.Release|Any CPU.Build.0 = Release|Any CPU
	EndGlobalSection
	GlobalSection(SolutionProperties) = preSolution
		HideSolutionNode = FALSE
	EndGlobalSection
	GlobalSection(ExtensibilityGlobals) = postSolution
		SolutionGuid = {F1002780-23AF-455D-8F78-BD6B2EBBF89C}
	EndGlobalSection
EndGlobal
